{
    "_readme": [
        "This file locks the dependencies of your project to a known state",
        "Read more about it at https://getcomposer.org/doc/01-basic-usage.md#composer-lock-the-lock-file",
        "This file is @generated automatically"
    ],
    "hash": "244ee16d27985108bcb6bc54fa1133a8",
    "content-hash": "a4526ee6d7dc40c37cbf865cbba0c70a",
    "packages": [
        {
            "name": "conekta/conekta-php",
            "version": "dev-master",
            "source": {
                "type": "git",
                "url": "https://github.com/conekta/conekta-php.git",
                "reference": "2fa07fa75fc528ccbf33060322ad8efe85e6277f"
            },
            "dist": {
                "type": "zip",
                "url": "https://api.github.com/repos/conekta/conekta-php/zipball/2fa07fa75fc528ccbf33060322ad8efe85e6277f",
                "reference": "2fa07fa75fc528ccbf33060322ad8efe85e6277f",
                "shasum": ""
            },
            "require": {
                "ext-curl": "*",
                "ext-json": "*",
                "ext-mbstring": "*",
                "php": ">=5.2"
            },
            "require-dev": {
                "simpletest/simpletest": "*"
            },
            "type": "library",
            "autoload": {
                "classmap": [
                    "lib/Conekta/"
                ]
            },
            "notification-url": "https://packagist.org/downloads/",
            "license": [
                "MIT"
            ],
            "authors": [
                {
                    "name": "Conekta  and contributors",
                    "homepage": "https://github.com/conekta/conekta-php/contributors"
                }
            ],
            "description": "Conekta PHP Library",
            "homepage": "https://www.conekta.io/",
            "keywords": [
                "api",
                "conekta",
                "payment processing"
            ],
            "time": "2016-11-16 18:54:14"
        }
    ],
    "packages-dev": [],
    "aliases": [],
    "minimum-stability": "stable",
    "stability-flags": {
        "conekta/conekta-php": 20
    },
    "prefer-stable": false,
    "prefer-lowest": false,
    "platform": [],
    "platform-dev": []
}
